
Microsoft Visual Studio Solution File, Format Version 12.00
# Visual Studio Version 16
VisualStudioVersion = 16.0.30907.101
MinimumVisualStudioVersion = 10.0.40219.1
Project("{9A19103F-16F7-4668-BE54-9A1E7A4F7556}") = "KampIntro", "KampIntro\KampIntro.csproj", "{67AF3EF4-F118-46A6-923F-A33A894F6820}"
EndProject
Project("{9A19103F-16F7-4668-BE54-9A1E7A4F7556}") = "OOP2", "OOP2\OOP2.csproj", "{CA79B680-CF04-43C0-9A91-FAC438DD5D5B}"
EndProject
Project("{9A19103F-16F7-4668-BE54-9A1E7A4F7556}") = "Donguler", "Donguler\Donguler.csproj", "{131C109C-1760-46F2-8522-51E858C6B3D2}"
EndProject
Project("{9A19103F-16F7-4668-BE54-9A1E7A4F7556}") = "ClassIntro", "ClassIntro\ClassIntro.csproj", "{657C67AA-7EA9-43D8-B3AD-26B0554E5AFC}"
EndProject
Project("{FAE04EC0-301F-11D3-BF4B-00C04F79EFBC}") = "Metodlar", "Metodlar\Metodlar.csproj", "{40936675-6E63-4469-97AE-3E9CFE73E0B0}"
EndProject
Project("{FAE04EC0-301F-11D3-BF4B-00C04F79EFBC}") = "Matematik", "Matematik\Matematik.csproj", "{6C1FE84A-3721-45A6-BECD-53ED5B4992F6}"
EndProject
Project("{FAE04EC0-301F-11D3-BF4B-00C04F79EFBC}") = "DegerVeReferansTipler", "DegerVeReferansTipler\DegerVeReferansTipler.csproj", "{CD6DD401-1684-4CBA-A468-6222BE82A8D2}"
EndProject
Global
	GlobalSection(SolutionConfigurationPlatforms) = preSolution
		Debug|Any CPU = Debug|Any CPU
		Release|Any CPU = Release|Any CPU
	EndGlobalSection
	GlobalSection(ProjectConfigurationPlatforms) = postSolution
		{67AF3EF4-F118-46A6-923F-A33A894F6820}.Debug|Any CPU.ActiveCfg = Debug|Any CPU
		{67AF3EF4-F118-46A6-923F-A33A894F6820}.Debug|Any CPU.Build.0 = Debug|Any CPU
		{67AF3EF4-F118-46A6-923F-A33A894F6820}.Release|Any CPU.ActiveCfg = Release|Any CPU
		{67AF3EF4-F118-46A6-923F-A33A894F6820}.Release|Any CPU.Build.0 = Release|Any CPU
		{CA79B680-CF04-43C0-9A91-FAC438DD5D5B}.Debug|Any CPU.ActiveCfg = Debug|Any CPU
		{CA79B680-CF04-43C0-9A91-FAC438DD5D5B}.Debug|Any CPU.Build.0 = Debug|Any CPU
		{CA79B680-CF04-43C0-9A91-FAC438DD5D5B}.Release|Any CPU.ActiveCfg = Release|Any CPU
		{CA79B680-CF04-43C0-9A91-FAC438DD5D5B}.Release|Any CPU.Build.0 = Release|Any CPU
		{131C109C-1760-46F2-8522-51E858C6B3D2}.Debug|Any CPU.ActiveCfg = Debug|Any CPU
		{131C109C-1760-46F2-8522-51E858C6B3D2}.Debug|Any CPU.Build.0 = Debug|Any CPU
		{131C109C-1760-46F2-8522-51E858C6B3D2}.Release|Any CPU.ActiveCfg = Release|Any CPU
		{131C109C-1760-46F2-8522-51E858C6B3D2}.Release|Any CPU.Build.0 = Release|Any CPU
		{657C67AA-7EA9-43D8-B3AD-26B0554E5AFC}.Debug|Any CPU.ActiveCfg = Debug|Any CPU
		{657C67AA-7EA9-43D8-B3AD-26B0554E5AFC}.Debug|Any CPU.Build.0 = Debug|Any CPU
		{657C67AA-7EA9-43D8-B3AD-26B0554E5AFC}.Release|Any CPU.ActiveCfg = Release|Any CPU
		{657C67AA-7EA9-43D8-B3AD-26B0554E5AFC}.Release|Any CPU.Build.0 = Release|Any CPU
		{40936675-6E63-4469-97AE-3E9CFE73E0B0}.Debug|Any CPU.ActiveCfg = Debug|Any CPU
		{40936675-6E63-4469-97AE-3E9CFE73E0B0}.Debug|Any CPU.Build.0 = Debug|Any CPU
		{40936675-6E63-4469-97AE-3E9CFE73E0B0}.Release|Any CPU.ActiveCfg = Release|Any CPU
		{40936675-6E63-4469-97AE-3E9CFE73E0B0}.Release|Any CPU.Build.0 = Release|Any CPU
		{6C1FE84A-3721-45A6-BECD-53ED5B4992F6}.Debug|Any CPU.ActiveCfg = Debug|Any CPU
		{6C1FE84A-3721-45A6-BECD-53ED5B4992F6}.Debug|Any CPU.Build.0 = Debug|Any CPU
		{6C1FE84A-3721-45A6-BECD-53ED5B4992F6}.Release|Any CPU.ActiveCfg = Release|Any CPU
		{6C1FE84A-3721-45A6-BECD-53ED5B4992F6}.Release|Any CPU.Build.0 = Release|Any CPU
		{CD6DD401-1684-4CBA-A468-6222BE82A8D2}.Debug|Any CPU.ActiveCfg = Debug|Any CPU
		{CD6DD401-1684-4CBA-A468-6222BE82A8D2}.Debug|Any CPU.Build.0 = Debug|Any CPU
		{CD6DD401-1684-4CBA-A468-6222BE82A8D2}.Release|Any CPU.ActiveCfg = Release|Any CPU
		{CD6DD401-1684-4CBA-A468-6222BE82A8D2}.Release|Any CPU.Build.0 = Release|Any CPU
	EndGlobalSection
	GlobalSection(SolutionProperties) = preSolution
		HideSolutionNode = FALSE
	EndGlobalSection
	GlobalSection(ExtensibilityGlobals) = postSolution
		SolutionGuid = {ACA77F52-C3E1-4D20-97CF-1F1700319342}
	EndGlobalSection
EndGlobal
